// !$*UTF8*$!
{
	archiveVersion = 1;
	classes = {
	};
	objectVersion = 46;
	objects = {

/* Begin PBXBuildFile section */
		922C753B1D00C06900EC72C2 /* AppDelegate.swift in Sources */ = {isa = PBXBuildFile; fileRef = 922C753A1D00C06900EC72C2 /* AppDelegate.swift */; };
		922C753D1D00C06900EC72C2 /* ViewController.swift in Sources */ = {isa = PBXBuildFile; fileRef = 922C753C1D00C06900EC72C2 /* ViewController.swift */; };
		922C75401D00C06900EC72C2 /* Main.storyboard in Resources */ = {isa = PBXBuildFile; fileRef = 922C753E1D00C06900EC72C2 /* Main.storyboard */; };
		922C75431D00C06900EC72C2 /* KLeverKid.xcdatamodeld in Sources */ = {isa = PBXBuildFile; fileRef = 922C75411D00C06900EC72C2 /* KLeverKid.xcdatamodeld */; };
		922C75451D00C06900EC72C2 /* Assets.xcassets in Resources */ = {isa = PBXBuildFile; fileRef = 922C75441D00C06900EC72C2 /* Assets.xcassets */; };
		922C75481D00C06900EC72C2 /* LaunchScreen.storyboard in Resources */ = {isa = PBXBuildFile; fileRef = 922C75461D00C06900EC72C2 /* LaunchScreen.storyboard */; };
		922C75531D00C06900EC72C2 /* KLeverKidTests.swift in Sources */ = {isa = PBXBuildFile; fileRef = 922C75521D00C06900EC72C2 /* KLeverKidTests.swift */; };
		922C755E1D00C06900EC72C2 /* KLeverKidUITests.swift in Sources */ = {isa = PBXBuildFile; fileRef = 922C755D1D00C06900EC72C2 /* KLeverKidUITests.swift */; };
		922C756C1D00C18B00EC72C2 /* MapKit.framework in Frameworks */ = {isa = PBXBuildFile; fileRef = 922C756B1D00C18B00EC72C2 /* MapKit.framework */; };
		922C756E1D00C1A200EC72C2 /* LocationUsingMap.swift in Sources */ = {isa = PBXBuildFile; fileRef = 922C756D1D00C1A200EC72C2 /* LocationUsingMap.swift */; };
/* End PBXBuildFile section */

/* Begin PBXContainerItemProxy section */
		922C754F1D00C06900EC72C2 /* PBXContainerItemProxy */ = {
			isa = PBXContainerItemProxy;
			containerPortal = 922C752F1D00C06900EC72C2 /* Project object */;
			proxyType = 1;
			remoteGlobalIDString = 922C75361D00C06900EC72C2;
			remoteInfo = KLeverKid;
		};
		922C755A1D00C06900EC72C2 /* PBXContainerItemProxy */ = {
			isa = PBXContainerItemProxy;
			containerPortal = 922C752F1D00C06900EC72C2 /* Project object */;
			proxyType = 1;
			remoteGlobalIDString = 922C75361D00C06900EC72C2;
			remoteInfo = KLeverKid;
		};
/* End PBXContainerItemProxy section */

/* Begin PBXFileReference section */
		922C75371D00C06900EC72C2 /* KLeverKid.app */ = {isa = PBXFileReference; explicitFileType = wrapper.application; includeInIndex = 0; path = KLeverKid.app; sourceTree = BUILT_PRODUCTS_DIR; };
		922C753A1D00C06900EC72C2 /* AppDelegate.swift */ = {isa = PBXFileReference; lastKnownFileType = sourcecode.swift; path = AppDelegate.swift; sourceTree = "<group>"; };
		922C753C1D00C06900EC72C2 /* ViewController.swift */ = {isa = PBXFileReference; lastKnownFileType = sourcecode.swift; path = ViewController.swift; sourceTree = "<group>"; };
		922C753F1D00C06900EC72C2 /* Base */ = {isa = PBXFileReference; lastKnownFileType = file.storyboard; name = Base; path = Base.lproj/Main.storyboard; sourceTree = "<group>"; };
		922C75421D00C06900EC72C2 /* KLeverKid.xcdatamodel */ = {isa = PBXFileReference; lastKnownFileType = wrapper.xcdatamodel; path = KLeverKid.xcdatamodel; sourceTree = "<group>"; };
		922C75441D00C06900EC72C2 /* Assets.xcassets */ = {isa = PBXFileReference; lastKnownFileType = folder.assetcatalog; path = Assets.xcassets; sourceTree = "<group>"; };
		922C75471D00C06900EC72C2 /* Base */ = {isa = PBXFileReference; lastKnownFileType = file.storyboard; name = Base; path = Base.lproj/LaunchScreen.storyboard; sourceTree = "<group>"; };
		922C75491D00C06900EC72C2 /* Info.plist */ = {isa = PBXFileReference; lastKnownFileType = text.plist.xml; path = Info.plist; sourceTree = "<group>"; };
		922C754E1D00C06900EC72C2 /* KLeverKidTests.xctest */ = {isa = PBXFileReference; explicitFileType = wrapper.cfbundle; includeInIndex = 0; path = KLeverKidTests.xctest; sourceTree = BUILT_PRODUCTS_DIR; };
		922C75521D00C06900EC72C2 /* KLeverKidTests.swift */ = {isa = PBXFileReference; lastKnownFileType = sourcecode.swift; path = KLeverKidTests.swift; sourceTree = "<group>"; };
		922C75541D00C06900EC72C2 /* Info.plist */ = {isa = PBXFileReference; lastKnownFileType = text.plist.xml; path = Info.plist; sourceTree = "<group>"; };
		922C75591D00C06900EC72C2 /* KLeverKidUITests.xctest */ = {isa = PBXFileReference; explicitFileType = wrapper.cfbundle; includeInIndex = 0; path = KLeverKidUITests.xctest; sourceTree = BUILT_PRODUCTS_DIR; };
		922C755D1D00C06900EC72C2 /* KLeverKidUITests.swift */ = {isa = PBXFileReference; lastKnownFileType = sourcecode.swift; path = KLeverKidUITests.swift; sourceTree = "<group>"; };
		922C755F1D00C06900EC72C2 /* Info.plist */ = {isa = PBXFileReference; lastKnownFileType = text.plist.xml; path = Info.plist; sourceTree = "<group>"; };
		922C756B1D00C18B00EC72C2 /* MapKit.framework */ = {isa = PBXFileReference; lastKnownFileType = wrapper.framework; name = MapKit.framework; path = System/Library/Frameworks/MapKit.framework; sourceTree = SDKROOT; };
		922C756D1D00C1A200EC72C2 /* LocationUsingMap.swift */ = {isa = PBXFileReference; fileEncoding = 4; lastKnownFileType = sourcecode.swift; name = LocationUsingMap.swift; path = ../../../KLeverKid/KLeverKid/LocationUsingMap.swift; sourceTree = "<group>"; };
/* End PBXFileReference section */

/* Begin PBXFrameworksBuildPhase section */
		922C75341D00C06900EC72C2 /* Frameworks */ = {
			isa = PBXFrameworksBuildPhase;
			buildActionMask = 2147483647;
			files = (
				922C756C1D00C18B00EC72C2 /* MapKit.framework in Frameworks */,
			);
			runOnlyForDeploymentPostprocessing = 0;
		};
		922C754B1D00C06900EC72C2 /* Frameworks */ = {
			isa = PBXFrameworksBuildPhase;
			buildActionMask = 2147483647;
			files = (
			);
			runOnlyForDeploymentPostprocessing = 0;
		};
		922C75561D00C06900EC72C2 /* Frameworks */ = {
			isa = PBXFrameworksBuildPhase;
			buildActionMask = 2147483647;
			files = (
			);
			runOnlyForDeploymentPostprocessing = 0;
		};
/* End PBXFrameworksBuildPhase section */

/* Begin PBXGroup section */
		922C752E1D00C06900EC72C2 = {
			isa = PBXGroup;
			children = (
				922C756B1D00C18B00EC72C2 /* MapKit.framework */,
				922C75391D00C06900EC72C2 /* KLeverKid */,
				922C75511D00C06900EC72C2 /* KLeverKidTests */,
				922C755C1D00C06900EC72C2 /* KLeverKidUITests */,
				922C75381D00C06900EC72C2 /* Products */,
			);
			sourceTree = "<group>";
		};
		922C75381D00C06900EC72C2 /* Products */ = {
			isa = PBXGroup;
			children = (
				922C75371D00C06900EC72C2 /* KLeverKid.app */,
				922C754E1D00C06900EC72C2 /* KLeverKidTests.xctest */,
				922C75591D00C06900EC72C2 /* KLeverKidUITests.xctest */,
			);
			name = Products;
			sourceTree = "<group>";
		};
		922C75391D00C06900EC72C2 /* KLeverKid */ = {
			isa = PBXGroup;
			children = (
				922C753A1D00C06900EC72C2 /* AppDelegate.swift */,
				922C753C1D00C06900EC72C2 /* ViewController.swift */,
				922C756D1D00C1A200EC72C2 /* LocationUsingMap.swift */,
				922C753E1D00C06900EC72C2 /* Main.storyboard */,
				922C75441D00C06900EC72C2 /* Assets.xcassets */,
				922C75461D00C06900EC72C2 /* LaunchScreen.storyboard */,
				922C75491D00C06900EC72C2 /* Info.plist */,
				922C75411D00C06900EC72C2 /* KLeverKid.xcdatamodeld */,
			);
			path = KLeverKid;
			sourceTree = "<group>";
		};
		922C75511D00C06900EC72C2 /* KLeverKidTests */ = {
			isa = PBXGroup;
			children = (
				922C75521D00C06900EC72C2 /* KLeverKidTests.swift */,
				922C75541D00C06900EC72C2 /* Info.plist */,
			);
			path = KLeverKidTests;
			sourceTree = "<group>";
		};
		922C755C1D00C06900EC72C2 /* KLeverKidUITests */ = {
			isa = PBXGroup;
			children = (
				922C755D1D00C06900EC72C2 /* KLeverKidUITests.swift */,
				922C755F1D00C06900EC72C2 /* Info.plist */,
			);
			path = KLeverKidUITests;
			sourceTree = "<group>";
		};
/* End PBXGroup section */

/* Begin PBXNativeTarget section */
		922C75361D00C06900EC72C2 /* KLeverKid */ = {
			isa = PBXNativeTarget;
			buildConfigurationList = 922C75621D00C06900EC72C2 /* Build configuration list for PBXNativeTarget "KLeverKid" */;
			buildPhases = (
				922C75331D00C06900EC72C2 /* Sources */,
				922C75341D00C06900EC72C2 /* Frameworks */,
				922C75351D00C06900EC72C2 /* Resources */,
			);
			buildRules = (
			);
			dependencies = (
			);
			name = KLeverKid;
			productName = KLeverKid;
			productReference = 922C75371D00C06900EC72C2 /* KLeverKid.app */;
			productType = "com.apple.product-type.application";
		};
		922C754D1D00C06900EC72C2 /* KLeverKidTests */ = {
			isa = PBXNativeTarget;
			buildConfigurationList = 922C75651D00C06900EC72C2 /* Build configuration list for PBXNativeTarget "KLeverKidTests" */;
			buildPhases = (
				922C754A1D00C06900EC72C2 /* Sources */,
				922C754B1D00C06900EC72C2 /* Frameworks */,
				922C754C1D00C06900EC72C2 /* Resources */,
			);
			buildRules = (
			);
			dependencies = (
				922C75501D00C06900EC72C2 /* PBXTargetDependency */,
			);
			name = KLeverKidTests;
			productName = KLeverKidTests;
			productReference = 922C754E1D00C06900EC72C2 /* KLeverKidTests.xctest */;
			productType = "com.apple.product-type.bundle.unit-test";
		};
		922C75581D00C06900EC72C2 /* KLeverKidUITests */ = {
			isa = PBXNativeTarget;
			buildConfigurationList = 922C75681D00C06900EC72C2 /* Build configuration list for PBXNativeTarget "KLeverKidUITests" */;
			buildPhases = (
				922C75551D00C06900EC72C2 /* Sources */,
				922C75561D00C06900EC72C2 /* Frameworks */,
				922C75571D00C06900EC72C2 /* Resources */,
			);
			buildRules = (
			);
			dependencies = (
				922C755B1D00C06900EC72C2 /* PBXTargetDependency */,
			);
			name = KLeverKidUITests;
			productName = KLeverKidUITests;
			productReference = 922C75591D00C06900EC72C2 /* KLeverKidUITests.xctest */;
			productType = "com.apple.product-type.bundle.ui-testing";
		};
/* End PBXNativeTarget section */

/* Begin PBXProject section */
		922C752F1D00C06900EC72C2 /* Project object */ = {
			isa = PBXProject;
			attributes = {
				LastSwiftUpdateCheck = 0730;
				LastUpgradeCheck = 0730;
				ORGANIZATIONNAME = kartikey;
				TargetAttributes = {
					922C75361D00C06900EC72C2 = {
						CreatedOnToolsVersion = 7.3.1;
					};
					922C754D1D00C06900EC72C2 = {
						CreatedOnToolsVersion = 7.3.1;
						TestTargetID = 922C75361D00C06900EC72C2;
					};
					922C75581D00C06900EC72C2 = {
						CreatedOnToolsVersion = 7.3.1;
						TestTargetID = 922C75361D00C06900EC72C2;
					};
				};
			};
			buildConfigurationList = 922C75321D00C06900EC72C2 /* Build configuration list for PBXProject "KLeverKid" */;
			compatibilityVersion = "Xcode 3.2";
			developmentRegion = English;
			hasScannedForEncodings = 0;
			knownRegions = (
				en,
				Base,
			);
			mainGroup = 922C752E1D00C06900EC72C2;
			productRefGroup = 922C75381D00C06900EC72C2 /* Products */;
			projectDirPath = "";
			projectRoot = "";
			targets = (
				922C75361D00C06900EC72C2 /* KLeverKid */,
				922C754D1D00C06900EC72C2 /* KLeverKidTests */,
				922C75581D00C06900EC72C2 /* KLeverKidUITests */,
			);
		};
/* End PBXProject section */

/* Begin PBXResourcesBuildPhase section */
		922C75351D00C06900EC72C2 /* Resources */ = {
			isa = PBXResourcesBuildPhase;
			buildActionMask = 2147483647;
			files = (
				922C75481D00C06900EC72C2 /* LaunchScreen.storyboard in Resources */,
				922C75451D00C06900EC72C2 /* Assets.xcassets in Resources */,
				922C75401D00C06900EC72C2 /* Main.storyboard in Resources */,
			);
			runOnlyForDeploymentPostprocessing = 0;
		};
		922C754C1D00C06900EC72C2 /* Resources */ = {
			isa = PBXResourcesBuildPhase;
			buildActionMask = 2147483647;
			files = (
			);
			runOnlyForDeploymentPostprocessing = 0;
		};
		922C75571D00C06900EC72C2 /* Resources */ = {
			isa = PBXResourcesBuildPhase;
			buildActionMask = 2147483647;
			files = (
			);
			runOnlyForDeploymentPostprocessing = 0;
		};
/* End PBXResourcesBuildPhase section */

/* Begin PBXSourcesBuildPhase section */
		922C75331D00C06900EC72C2 /* Sources */ = {
			isa = PBXSourcesBuildPhase;
			buildActionMask = 2147483647;
			files = (
				922C753D1D00C06900EC72C2 /* ViewController.swift in Sources */,
				922C753B1D00C06900EC72C2 /* AppDelegate.swift in Sources */,
				922C756E1D00C1A200EC72C2 /* LocationUsingMap.swift in Sources */,
				922C75431D00C06900EC72C2 /* KLeverKid.xcdatamodeld in Sources */,
			);
			runOnlyForDeploymentPostprocessing = 0;
		};
		922C754A1D00C06900EC72C2 /* Sources */ = {
			isa = PBXSourcesBuildPhase;
			buildActionMask = 2147483647;
			files = (
				922C75531D00C06900EC72C2 /* KLeverKidTests.swift in Sources */,
			);
			runOnlyForDeploymentPostprocessing = 0;
		};
		922C75551D00C06900EC72C2 /* Sources */ = {
			isa = PBXSourcesBuildPhase;
			buildActionMask = 2147483647;
			files = (
				922C755E1D00C06900EC72C2 /* KLeverKidUITests.swift in Sources */,
			);
			runOnlyForDeploymentPostprocessing = 0;
		};
/* End PBXSourcesBuildPhase section */

/* Begin PBXTargetDependency section */
		922C75501D00C06900EC72C2 /* PBXTargetDependency */ = {
			isa = PBXTargetDependency;
			target = 922C75361D00C06900EC72C2 /* KLeverKid */;
			targetProxy = 922C754F1D00C06900EC72C2 /* PBXContainerItemProxy */;
		};
		922C755B1D00C06900EC72C2 /* PBXTargetDependency */ = {
			isa = PBXTargetDependency;
			target = 922C75361D00C06900EC72C2 /* KLeverKid */;
			targetProxy = 922C755A1D00C06900EC72C2 /* PBXContainerItemProxy */;
		};
/* End PBXTargetDependency section */

/* Begin PBXVariantGroup section */
		922C753E1D00C06900EC72C2 /* Main.storyboard */ = {
			isa = PBXVariantGroup;
			children = (
				922C753F1D00C06900EC72C2 /* Base */,
			);
			name = Main.storyboard;
			sourceTree = "<group>";
		};
		922C75461D00C06900EC72C2 /* LaunchScreen.storyboard */ = {
			isa = PBXVariantGroup;
			children = (
				922C75471D00C06900EC72C2 /* Base */,
			);
			name = LaunchScreen.storyboard;
			sourceTree = "<group>";
		};
/* End PBXVariantGroup section */

/* Begin XCBuildConfiguration section */
		922C75601D00C06900EC72C2 /* Debug */ = {
			isa = XCBuildConfiguration;
			buildSettings = {
				ALWAYS_SEARCH_USER_PATHS = NO;
				CLANG_ANALYZER_NONNULL = YES;
				CLANG_CXX_LANGUAGE_STANDARD = "gnu++0x";
				CLANG_CXX_LIBRARY = "libc++";
				CLANG_ENABLE_MODULES = YES;
				CLANG_ENABLE_OBJC_ARC = YES;
				CLANG_WARN_BOOL_CONVERSION = YES;
				CLANG_WARN_CONSTANT_CONVERSION = YES;
				CLANG_WARN_DIRECT_OBJC_ISA_USAGE = YES_ERROR;
				CLANG_WARN_EMPTY_BODY = YES;
				CLANG_WARN_ENUM_CONVERSION = YES;
				CLANG_WARN_INT_CONVERSION = YES;
				CLANG_WARN_OBJC_ROOT_CLASS = YES_ERROR;
				CLANG_WARN_UNREACHABLE_CODE = YES;
				CLANG_WARN__DUPLICATE_METHOD_MATCH = YES;
				"CODE_SIGN_IDENTITY[sdk=iphoneos*]" = "iPhone Developer";
				COPY_PHASE_STRIP = NO;
				DEBUG_INFORMATION_FORMAT = dwarf;
				ENABLE_STRICT_OBJC_MSGSEND = YES;
				ENABLE_TESTABILITY = YES;
				GCC_C_LANGUAGE_STANDARD = gnu99;
				GCC_DYNAMIC_NO_PIC = NO;
				GCC_NO_COMMON_BLOCKS = YES;
				GCC_OPTIMIZATION_LEVEL = 0;
				GCC_PREPROCESSOR_DEFINITIONS = (
					"DEBUG=1",
					"$(inherited)",
				);
				GCC_WARN_64_TO_32_BIT_CONVERSION = YES;
				GCC_WARN_ABOUT_RETURN_TYPE = YES_ERROR;
				GCC_WARN_UNDECLARED_SELECTOR = YES;
				GCC_WARN_UNINITIALIZED_AUTOS = YES_AGGRESSIVE;
				GCC_WARN_UNUSED_FUNCTION = YES;
				GCC_WARN_UNUSED_VARIABLE = YES;
				IPHONEOS_DEPLOYMENT_TARGET = 9.3;
				MTL_ENABLE_DEBUG_INFO = YES;
				ONLY_ACTIVE_ARCH = YES;
				SDKROOT = iphoneos;
				SWIFT_OPTIMIZATION_LEVEL = "-Onone";
				TARGETED_DEVICE_FAMILY = "1,2";
			};
			name = Debug;
		};
		922C75611D00C06900EC72C2 /* Release */ = {
			isa = XCBuildConfiguration;
			buildSettings = {
				ALWAYS_SEARCH_USER_PATHS = NO;
				CLANG_ANALYZER_NONNULL = YES;
				CLANG_CXX_LANGUAGE_STANDARD = "gnu++0x";
				CLANG_CXX_LIBRARY = "libc++";
				CLANG_ENABLE_MODULES = YES;
				CLANG_ENABLE_OBJC_ARC = YES;
				CLANG_WARN_BOOL_CONVERSION = YES;
				CLANG_WARN_CONSTANT_CONVERSION = YES;
				CLANG_WARN_DIRECT_OBJC_ISA_USAGE = YES_ERROR;
				CLANG_WARN_EMPTY_BODY = YES;
				CLANG_WARN_ENUM_CONVERSION = YES;
				CLANG_WARN_INT_CONVERSION = YES;
				CLANG_WARN_OBJC_ROOT_CLASS = YES_ERROR;
				CLANG_WARN_UNREACHABLE_CODE = YES;
				CLANG_WARN__DUPLICATE_METHOD_MATCH = YES;
				"CODE_SIGN_IDENTITY[sdk=iphoneos*]" = "iPhone Developer";
				COPY_PHASE_STRIP = NO;
				DEBUG_INFORMATION_FORMAT = "dwarf-with-dsym";
				ENABLE_NS_ASSERTIONS = NO;
				ENABLE_STRICT_OBJC_MSGSEND = YES;
				GCC_C_LANGUAGE_STANDARD = gnu99;
				GCC_NO_COMMON_BLOCKS = YES;
				GCC_WARN_64_TO_32_BIT_CONVERSION = YES;
				GCC_WARN_ABOUT_RETURN_TYPE = YES_ERROR;
				GCC_WARN_UNDECLARED_SELECTOR = YES;
				GCC_WARN_UNINITIALIZED_AUTOS = YES_AGGRESSIVE;
				GCC_WARN_UNUSED_FUNCTION = YES;
				GCC_WARN_UNUSED_VARIABLE = YES;
				IPHONEOS_DEPLOYMENT_TARGET = 9.3;
				MTL_ENABLE_DEBUG_INFO = NO;
				SDKROOT = iphoneos;
				TARGETED_DEVICE_FAMILY = "1,2";
				VALIDATE_PRODUCT = YES;
			};
			name = Release;
		};
		922C75631D00C06900EC72C2 /* Debug */ = {
			isa = XCBuildConfiguration;
			buildSettings = {
				ASSETCATALOG_COMPILER_APPICON_NAME = AppIcon;
				INFOPLIST_FILE = KLeverKid/Info.plist;
				LD_RUNPATH_SEARCH_PATHS = "$(inherited) @executable_path/Frameworks";
				PRODUCT_BUNDLE_IDENTIFIER = com.kone.ios.KLeverKid;
				PRODUCT_NAME = "$(TARGET_NAME)";
			};
			name = Debug;
		};
		922C75641D00C06900EC72C2 /* Release */ = {
			isa = XCBuildConfiguration;
			buildSettings = {
				ASSETCATALOG_COMPILER_APPICON_NAME = AppIcon;
				INFOPLIST_FILE = KLeverKid/Info.plist;
				LD_RUNPATH_SEARCH_PATHS = "$(inherited) @executable_path/Frameworks";
				PRODUCT_BUNDLE_IDENTIFIER = com.kone.ios.KLeverKid;
				PRODUCT_NAME = "$(TARGET_NAME)";
			};
			name = Release;
		};
		922C75661D00C06900EC72C2 /* Debug */ = {
			isa = XCBuildConfiguration;
			buildSettings = {
				BUNDLE_LOADER = "$(TEST_HOST)";
				INFOPLIST_FILE = KLeverKidTests/Info.plist;
				LD_RUNPATH_SEARCH_PATHS = "$(inherited) @executable_path/Frameworks @loader_path/Frameworks";
				PRODUCT_BUNDLE_IDENTIFIER = com.kone.ios.KLeverKidTests;
				PRODUCT_NAME = "$(TARGET_NAME)";
				TEST_HOST = "$(BUILT_PRODUCTS_DIR)/KLeverKid.app/KLeverKid";
			};
			name = Debug;
		};
		922C75671D00C06900EC72C2 /* Release */ = {
			isa = XCBuildConfiguration;
			buildSettings = {
				BUNDLE_LOADER = "$(TEST_HOST)";
				INFOPLIST_FILE = KLeverKidTests/Info.plist;
				LD_RUNPATH_SEARCH_PATHS = "$(inherited) @executable_path/Frameworks @loader_path/Frameworks";
				PRODUCT_BUNDLE_IDENTIFIER = com.kone.ios.KLeverKidTests;
				PRODUCT_NAME = "$(TARGET_NAME)";
				TEST_HOST = "$(BUILT_PRODUCTS_DIR)/KLeverKid.app/KLeverKid";
			};
			name = Release;
		};
		922C75691D00C06900EC72C2 /* Debug */ = {
			isa = XCBuildConfiguration;
			buildSettings = {
				INFOPLIST_FILE = KLeverKidUITests/Info.plist;
				LD_RUNPATH_SEARCH_PATHS = "$(inherited) @executable_path/Frameworks @loader_path/Frameworks";
				PRODUCT_BUNDLE_IDENTIFIER = com.kone.ios.KLeverKidUITests;
				PRODUCT_NAME = "$(TARGET_NAME)";
				TEST_TARGET_NAME = KLeverKid;
			};
			name = Debug;
		};
		922C756A1D00C06900EC72C2 /* Release */ = {
			isa = XCBuildConfiguration;
			buildSettings = {
				INFOPLIST_FILE = KLeverKidUITests/Info.plist;
				LD_RUNPATH_SEARCH_PATHS = "$(inherited) @executable_path/Frameworks @loader_path/Frameworks";
				PRODUCT_BUNDLE_IDENTIFIER = com.kone.ios.KLeverKidUITests;
				PRODUCT_NAME = "$(TARGET_NAME)";
				TEST_TARGET_NAME = KLeverKid;
			};
			name = Release;
		};
/* End XCBuildConfiguration section */

/* Begin XCConfigurationList section */
		922C75321D00C06900EC72C2 /* Build configuration list for PBXProject "KLeverKid" */ = {
			isa = XCConfigurationList;
			buildConfigurations = (
				922C75601D00C06900EC72C2 /* Debug */,
				922C75611D00C06900EC72C2 /* Release */,
			);
			defaultConfigurationIsVisible = 0;
			defaultConfigurationName = Release;
		};
		922C75621D00C06900EC72C2 /* Build configuration list for PBXNativeTarget "KLeverKid" */ = {
			isa = XCConfigurationList;
			buildConfigurations = (
				922C75631D00C06900EC72C2 /* Debug */,
				922C75641D00C06900EC72C2 /* Release */,
			);
			defaultConfigurationIsVisible = 0;
		};
		922C75651D00C06900EC72C2 /* Build configuration list for PBXNativeTarget "KLeverKidTests" */ = {
			isa = XCConfigurationList;
			buildConfigurations = (
				922C75661D00C06900EC72C2 /* Debug */,
				922C75671D00C06900EC72C2 /* Release */,
			);
			defaultConfigurationIsVisible = 0;
		};
		922C75681D00C06900EC72C2 /* Build configuration list for PBXNativeTarget "KLeverKidUITests" */ = {
			isa = XCConfigurationList;
			buildConfigurations = (
				922C75691D00C06900EC72C2 /* Debug */,
				922C756A1D00C06900EC72C2 /* Release */,
			);
			defaultConfigurationIsVisible = 0;
		};
/* End XCConfigurationList section */

/* Begin XCVersionGroup section */
		922C75411D00C06900EC72C2 /* KLeverKid.xcdatamodeld */ = {
			isa = XCVersionGroup;
			children = (
				922C75421D00C06900EC72C2 /* KLeverKid.xcdatamodel */,
			);
			currentVersion = 922C75421D00C06900EC72C2 /* KLeverKid.xcdatamodel */;
			path = KLeverKid.xcdatamodeld;
			sourceTree = "<group>";
			versionGroupType = wrapper.xcdatamodel;
		};
/* End XCVersionGroup section */
	};
	rootObject = 922C752F1D00C06900EC72C2 /* Project object */;
}
